
Microsoft Visual Studio Solution File, Format Version 12.00
# Visual Studio Version 17
VisualStudioVersion = 17.8.34408.163
MinimumVisualStudioVersion = 10.0.40219.1
Project("{FAE04EC0-301F-11D3-BF4B-00C04F79EFBC}") = "task2", "task2\task2.csproj", "{825BD740-BED1-4E5A-A616-6609E489EB20}"
EndProject
Global
	GlobalSection(SolutionConfigurationPlatforms) = preSolution
		Debug|Any CPU = Debug|Any CPU
		Release|Any CPU = Release|Any CPU
	EndGlobalSection
	GlobalSection(ProjectConfigurationPlatforms) = postSolution
		{825BD740-BED1-4E5A-A616-6609E489EB20}.Debug|Any CPU.ActiveCfg = Debug|Any CPU
		{825BD740-BED1-4E5A-A616-6609E489EB20}.Debug|Any CPU.Build.0 = Debug|Any CPU
		{825BD740-BED1-4E5A-A616-6609E489EB20}.Release|Any CPU.ActiveCfg = Release|Any CPU
		{825BD740-BED1-4E5A-A616-6609E489EB20}.Release|Any CPU.Build.0 = Release|Any CPU
	EndGlobalSection
	GlobalSection(SolutionProperties) = preSolution
		HideSolutionNode = FALSE
	EndGlobalSection
	GlobalSection(ExtensibilityGlobals) = postSolution
		SolutionGuid = {4BB39E54-D0E7-4EF3-8060-B9FEB4DF97A7}
	EndGlobalSection
EndGlobal
